
Microsoft Visual Studio Solution File, Format Version 12.00
# Visual Studio Version 16
VisualStudioVersion = 16.0.29519.181
MinimumVisualStudioVersion = 10.0.40219.1
Project("{9A19103F-16F7-4668-BE54-9A1E7A4F7556}") = "Office.Work.Platform.Api", "Office.Work.Platform.Api.csproj", "{4A7B3A88-8966-452F-9E28-12FABF1CF135}"
EndProject
Project("{9A19103F-16F7-4668-BE54-9A1E7A4F7556}") = "Office.Work.Platform.Lib", "..\Office.Work.Platform.Lib\Office.Work.Platform.Lib.csproj", "{60380965-2564-4EE9-A196-960C2CD32918}"
EndProject
Global
	GlobalSection(SolutionConfigurationPlatforms) = preSolution
		Debug|Any CPU = Debug|Any CPU
		Release|Any CPU = Release|Any CPU
	EndGlobalSection
	GlobalSection(ProjectConfigurationPlatforms) = postSolution
		{4A7B3A88-8966-452F-9E28-12FABF1CF135}.Debug|Any CPU.ActiveCfg = Debug|Any CPU
		{4A7B3A88-8966-452F-9E28-12FABF1CF135}.Debug|Any CPU.Build.0 = Debug|Any CPU
		{4A7B3A88-8966-452F-9E28-12FABF1CF135}.Release|Any CPU.ActiveCfg = Release|Any CPU
		{4A7B3A88-8966-452F-9E28-12FABF1CF135}.Release|Any CPU.Build.0 = Release|Any CPU
		{60380965-2564-4EE9-A196-960C2CD32918}.Debug|Any CPU.ActiveCfg = Debug|Any CPU
		{60380965-2564-4EE9-A196-960C2CD32918}.Debug|Any CPU.Build.0 = Debug|Any CPU
		{60380965-2564-4EE9-A196-960C2CD32918}.Release|Any CPU.ActiveCfg = Release|Any CPU
		{60380965-2564-4EE9-A196-960C2CD32918}.Release|Any CPU.Build.0 = Release|Any CPU
	EndGlobalSection
	GlobalSection(SolutionProperties) = preSolution
		HideSolutionNode = FALSE
	EndGlobalSection
	GlobalSection(ExtensibilityGlobals) = postSolution
		SolutionGuid = {BA65F369-4BE8-44AB-8321-CDFA11FD6AA4}
	EndGlobalSection
EndGlobal
